
Microsoft Visual Studio Solution File, Format Version 12.00
# Visual Studio Version 16
VisualStudioVersion = 16.0.30523.141
MinimumVisualStudioVersion = 10.0.40219.1
Project("{FAE04EC0-301F-11D3-BF4B-00C04F79EFBC}") = "Betting_Parlor", "Betting_Parlor.csproj", "{C3684CD9-92FC-4AB6-94FD-DEC0B448C79D}"
EndProject
Global
	GlobalSection(SolutionConfigurationPlatforms) = preSolution
		Debug|Any CPU = Debug|Any CPU
		Release|Any CPU = Release|Any CPU
	EndGlobalSection
	GlobalSection(ProjectConfigurationPlatforms) = postSolution
		{C3684CD9-92FC-4AB6-94FD-DEC0B448C79D}.Debug|Any CPU.ActiveCfg = Debug|Any CPU
		{C3684CD9-92FC-4AB6-94FD-DEC0B448C79D}.Debug|Any CPU.Build.0 = Debug|Any CPU
		{C3684CD9-92FC-4AB6-94FD-DEC0B448C79D}.Release|Any CPU.ActiveCfg = Release|Any CPU
		{C3684CD9-92FC-4AB6-94FD-DEC0B448C79D}.Release|Any CPU.Build.0 = Release|Any CPU
	EndGlobalSection
	GlobalSection(SolutionProperties) = preSolution
		HideSolutionNode = FALSE
	EndGlobalSection
	GlobalSection(ExtensibilityGlobals) = postSolution
		SolutionGuid = {BDF1E067-1568-4767-9457-2A068ECAD7CC}
	EndGlobalSection
EndGlobal
